
Microsoft Visual Studio Solution File, Format Version 12.00
# Visual Studio 15
VisualStudioVersion = 15.0.28307.421
MinimumVisualStudioVersion = 10.0.40219.1
Project("{F184B08F-C81C-45F6-A57F-5ABD9991F28F}") = "Files_Server_Move", "Files_Server_Move\Files_Server_Move.vbproj", "{F4A28FA0-442D-4D48-AEBD-5F816CF404EC}"
EndProject
Global
	GlobalSection(SolutionConfigurationPlatforms) = preSolution
		Debug|Any CPU = Debug|Any CPU
		Release|Any CPU = Release|Any CPU
	EndGlobalSection
	GlobalSection(ProjectConfigurationPlatforms) = postSolution
		{F4A28FA0-442D-4D48-AEBD-5F816CF404EC}.Debug|Any CPU.ActiveCfg = Debug|Any CPU
		{F4A28FA0-442D-4D48-AEBD-5F816CF404EC}.Debug|Any CPU.Build.0 = Debug|Any CPU
		{F4A28FA0-442D-4D48-AEBD-5F816CF404EC}.Release|Any CPU.ActiveCfg = Release|Any CPU
		{F4A28FA0-442D-4D48-AEBD-5F816CF404EC}.Release|Any CPU.Build.0 = Release|Any CPU
	EndGlobalSection
	GlobalSection(SolutionProperties) = preSolution
		HideSolutionNode = FALSE
	EndGlobalSection
	GlobalSection(ExtensibilityGlobals) = postSolution
		SolutionGuid = {0BB049DA-8B29-4FA2-A462-F747E33FC96B}
	EndGlobalSection
EndGlobal
